
Microsoft Visual Studio Solution File, Format Version 12.00
# Visual Studio Version 17
VisualStudioVersion = 17.11.35312.102
MinimumVisualStudioVersion = 10.0.40219.1
Project("{FAE04EC0-301F-11D3-BF4B-00C04F79EFBC}") = "HmNewVersionDownloader", "HmNewVersionDownloader\HmNewVersionDownloader.csproj", "{FD405ACF-B3B7-413C-A884-93DD86C10DC6}"
EndProject
Global
	GlobalSection(SolutionConfigurationPlatforms) = preSolution
		Debug|Any CPU = Debug|Any CPU
		Release|Any CPU = Release|Any CPU
	EndGlobalSection
	GlobalSection(ProjectConfigurationPlatforms) = postSolution
		{FD405ACF-B3B7-413C-A884-93DD86C10DC6}.Debug|Any CPU.ActiveCfg = Debug|Any CPU
		{FD405ACF-B3B7-413C-A884-93DD86C10DC6}.Debug|Any CPU.Build.0 = Debug|Any CPU
		{FD405ACF-B3B7-413C-A884-93DD86C10DC6}.Release|Any CPU.ActiveCfg = Release|Any CPU
		{FD405ACF-B3B7-413C-A884-93DD86C10DC6}.Release|Any CPU.Build.0 = Release|Any CPU
	EndGlobalSection
	GlobalSection(SolutionProperties) = preSolution
		HideSolutionNode = FALSE
	EndGlobalSection
	GlobalSection(ExtensibilityGlobals) = postSolution
		SolutionGuid = {57A672FA-3EE3-4CE5-9017-F64C567D3DCB}
	EndGlobalSection
EndGlobal
